github.com/davecgh/go-spew v1.1.1 h1:vj9j/u1bqnvCEfJOwUhtlOARqs3+rkHYY13jYWTU97c=
github.com/ethereum/c-kzg-4844 v0.0.0-20230310094217-da83e45e9cef h1:o/RGxt4PuTHLxwOBS30DFdADBwOZV7J5zoT9CTG/mBU=
github.com/ethereum/c-kzg-4844 v0.0.0-20230310094217-da83e45e9cef/go.mod h1:ECrzdyCNp8d5bLD8Id8Y0mZ8+HDZ0LIdshCrDDTO944=
github.com/ethereum/c-kzg-4844/bindings/go v0.0.0-20230126171313-363c7d7593b4 h1:B2mpK+MNqgPqk2/KNi1LbqwtZDy5F7iy0mynQiBr8VA=
github.com/ethereum/c-kzg-4844/bindings/go v0.0.0-20230126171313-363c7d7593b4/go.mod h1:y4GA2JbAUama1S4QwYjC2hefgGLU8Ul0GMtL/ADMF1c=
github.com/pmezard/go-difflib v1.0.0 h1:4DBwDE0NGyQoBHbLQYPwSUPoCMWR5BEzIk/f1lZbAQM=
github.com/stretchr/testify v1.8.1 h1:w7B6lhMri9wdJUVmEZPGGhZzrYTPvgJArz7wNPgYKsk=
github.com/supranational/blst v0.3.11-0.20230124161941-ca03e11a3ff2 h1:wh1wzwAhZBNiZO37uWS/nDaKiIwHz4mDo4pnA+fqTO0=
github.com/supranational/blst v0.3.11-0.20230124161941-ca03e11a3ff2/go.mod h1:jZJtfjgudtNl4en1tzwPIV3KjUnQUvG3/j+w+fVonLw=
gopkg.in/yaml.v3 v3.0.1 h1:fxVm/GzAzEWqLHuvctI91KS9hhNmmWOoWu0XTYJS7CA=
