# This file is automatically @generated by Cargo.
# It is not intended for manual editing.
version = 4

[[package]]
name = "arbitrary"
version = "1.4.2"
source = "registry+https://github.com/rust-lang/crates.io-index"
checksum = "c3d036a3c4ab069c7b410a2ce876bd74808d2d0888a82667669f8e783a898bf1"
dependencies = [
 "derive_arbitrary",
]

[[package]]
name = "bitvec"
version = "1.1.1"
source = "registry+https://github.com/rust-lang/crates.io-index"
checksum = "ddcec3d12c579d40898fe0a9a358a803c23e9c52ca3c425707f81c9436211837"
dependencies = [
 "funty",
 "radium",
 "tap",
 "wyz",
]

[[package]]
name = "block-buffer"
version = "0.10.4"
source = "registry+https://github.com/rust-lang/crates.io-index"
checksum = "3078c7629b62d3f0439517fa394996acacc5cbc91c5a20d8c658e77abd503a71"
dependencies = [
 "generic-array",
]

[[package]]
name = "blst"
version = "0.3.16"
source = "registry+https://github.com/rust-lang/crates.io-index"
checksum = "dcdb4c7013139a150f9fc55d123186dbfaba0d912817466282c73ac49e71fb45"
dependencies = [
 "cc",
 "glob",
 "threadpool",
 "zeroize",
]

[[package]]
name = "blstrs"
version = "0.7.1"
source = "registry+https://github.com/rust-lang/crates.io-index"
checksum = "7a8a8ed6fefbeef4a8c7b460e4110e12c5e22a5b7cf32621aae6ad650c4dcf29"
dependencies = [
 "blst",
 "byte-slice-cast",
 "ff",
 "group",
 "pairing",
 "rand_core",
 "serde",
 "subtle",
]

[[package]]
name = "byte-slice-cast"
version = "1.2.3"
source = "registry+https://github.com/rust-lang/crates.io-index"
checksum = "7575182f7272186991736b70173b0ea045398f984bf5ebbb3804736ce1330c9d"

[[package]]
name = "c-kzg"
version = "2.1.8"
dependencies = [
 "arbitrary",
 "blst",
 "cc",
 "glob",
 "hex",
 "libc",
 "once_cell",
 "serde",
]

[[package]]
name = "c-kzg-fuzz"
version = "0.0.0"
dependencies = [
 "arbitrary",
 "c-kzg",
 "cc",
 "constantine-ethereum-kzg",
 "lazy_static",
 "libfuzzer-sys",
 "rust_eth_kzg",
]

[[package]]
name = "cc"
version = "1.2.66"
source = "registry+https://github.com/rust-lang/crates.io-index"
checksum = "f5d6cac793997bd970000024b2934968efe83b382de4fdcf4fcb46b6ee4ad996"
dependencies = [
 "find-msvc-tools",
 "jobserver",
 "libc",
 "shlex",
]

[[package]]
name = "cfg-if"
version = "1.0.4"
source = "registry+https://github.com/rust-lang/crates.io-index"
checksum = "9330f8b2ff13f34540b44e946ef35111825727b38d33286ef986142615121801"

[[package]]
name = "constantine-core"
version = "0.2.0"
source = "git+https://github.com/mratsim/constantine#ea8c268603a5c5f5be479dda9ba27dcbdc51dade"
dependencies = [
 "constantine-sys",
]

[[package]]
name = "constantine-ethereum-kzg"
version = "0.2.0"
source = "git+https://github.com/mratsim/constantine#ea8c268603a5c5f5be479dda9ba27dcbdc51dade"
dependencies = [
 "constantine-core",
 "constantine-sys",
]

[[package]]
name = "constantine-sys"
version = "0.2.0"
source = "git+https://github.com/mratsim/constantine#ea8c268603a5c5f5be479dda9ba27dcbdc51dade"

[[package]]
name = "cpufeatures"
version = "0.2.17"
source = "registry+https://github.com/rust-lang/crates.io-index"
checksum = "59ed5838eebb26a2bb2e58f6d5b5316989ae9d08bab10e0e6d103e656d1b0280"
dependencies = [
 "libc",
]

[[package]]
name = "crypto-common"
version = "0.1.7"
source = "registry+https://github.com/rust-lang/crates.io-index"
checksum = "78c8292055d1c1df0cce5d180393dc8cce0abec0a7102adb6c7b1eef6016d60a"
dependencies = [
 "generic-array",
 "typenum",
]

[[package]]
name = "derive_arbitrary"
version = "1.4.2"
source = "registry+https://github.com/rust-lang/crates.io-index"
checksum = "1e567bd82dcff979e4b03460c307b3cdc9e96fde3d73bed1496d2bc75d9dd62a"
dependencies = [
 "proc-macro2",
 "quote",
 "syn",
]

[[package]]
name = "digest"
version = "0.10.7"
source = "registry+https://github.com/rust-lang/crates.io-index"
checksum = "9ed9a281f7bc9b7576e61468ba615a66a5c8cfdff42420a70aa82701a3b1e292"
dependencies = [
 "block-buffer",
 "crypto-common",
]

[[package]]
name = "eip4844"
version = "0.10.0"
source = "git+https://github.com/crate-crypto/rust-eth-kzg#acf3a5e8062e9a67c184c77ebff9c55223f9e034"
dependencies = [
 "ekzg-bls12-381",
 "ekzg-maybe-rayon",
 "ekzg-polynomial",
 "ekzg-serialization",
 "ekzg-single-open",
 "ekzg-trusted-setup",
 "hex",
 "itertools",
 "serde",
 "serde_json",
 "sha2",
]

[[package]]
name = "either"
version = "1.16.0"
source = "registry+https://github.com/rust-lang/crates.io-index"
checksum = "91622ff5e7162018101f2fea40d6ebf4a78bbe5a49736a2020649edf9693679e"

[[package]]
name = "ekzg-bls12-381"
version = "0.10.0"
source = "git+https://github.com/crate-crypto/rust-eth-kzg#acf3a5e8062e9a67c184c77ebff9c55223f9e034"
dependencies = [
 "blst",
 "blstrs",
 "ff",
 "group",
 "pairing",
 "subtle",
]

[[package]]
name = "ekzg-erasure-codes"
version = "0.10.0"
source = "git+https://github.com/crate-crypto/rust-eth-kzg#acf3a5e8062e9a67c184c77ebff9c55223f9e034"
dependencies = [
 "ekzg-bls12-381",
 "ekzg-polynomial",
]

[[package]]
name = "ekzg-maybe-rayon"
version = "0.10.0"
source = "git+https://github.com/crate-crypto/rust-eth-kzg#acf3a5e8062e9a67c184c77ebff9c55223f9e034"

[[package]]
name = "ekzg-multi-open"
version = "0.10.0"
source = "git+https://github.com/crate-crypto/rust-eth-kzg#acf3a5e8062e9a67c184c77ebff9c55223f9e034"
dependencies = [
 "ekzg-bls12-381",
 "ekzg-maybe-rayon",
 "ekzg-polynomial",
 "sha2",
]

[[package]]
name = "ekzg-polynomial"
version = "0.10.0"
source = "git+https://github.com/crate-crypto/rust-eth-kzg#acf3a5e8062e9a67c184c77ebff9c55223f9e034"
dependencies = [
 "ekzg-bls12-381",
 "ekzg-maybe-rayon",
]

[[package]]
name = "ekzg-serialization"
version = "0.10.0"
source = "git+https://github.com/crate-crypto/rust-eth-kzg#acf3a5e8062e9a67c184c77ebff9c55223f9e034"
dependencies = [
 "ekzg-bls12-381",
 "hex",
]

[[package]]
name = "ekzg-single-open"
version = "0.10.0"
source = "git+https://github.com/crate-crypto/rust-eth-kzg#acf3a5e8062e9a67c184c77ebff9c55223f9e034"
dependencies = [
 "ekzg-bls12-381",
 "ekzg-polynomial",
 "itertools",
]

[[package]]
name = "ekzg-trusted-setup"
version = "0.10.0"
source = "git+https://github.com/crate-crypto/rust-eth-kzg#acf3a5e8062e9a67c184c77ebff9c55223f9e034"
dependencies = [
 "ekzg-bls12-381",
 "ekzg-serialization",
 "hex",
 "serde",
 "serde_json",
]

[[package]]
name = "ff"
version = "0.13.1"
source = "registry+https://github.com/rust-lang/crates.io-index"
checksum = "c0b50bfb653653f9ca9095b427bed08ab8d75a137839d9ad64eb11810d5b6393"
dependencies = [
 "bitvec",
 "rand_core",
 "subtle",
]

[[package]]
name = "find-msvc-tools"
version = "0.1.9"
source = "registry+https://github.com/rust-lang/crates.io-index"
checksum = "5baebc0774151f905a1a2cc41989300b1e6fbb29aff0ceffa1064fdd3088d582"

[[package]]
name = "funty"
version = "2.0.0"
source = "registry+https://github.com/rust-lang/crates.io-index"
checksum = "e6d5a32815ae3f33302d95fdcb2ce17862f8c65363dcfd29360480ba1001fc9c"

[[package]]
name = "generic-array"
version = "0.14.7"
source = "registry+https://github.com/rust-lang/crates.io-index"
checksum = "85649ca51fd72272d7821adaf274ad91c288277713d9c18820d8499a7ff69e9a"
dependencies = [
 "typenum",
 "version_check",
]

[[package]]
name = "getrandom"
version = "0.4.3"
source = "registry+https://github.com/rust-lang/crates.io-index"
checksum = "300e883d756b2e4ec94e02791f39b04b522276138852cfc41d9fb7e904106099"
dependencies = [
 "cfg-if",
 "libc",
 "r-efi",
]

[[package]]
name = "glob"
version = "0.3.3"
source = "registry+https://github.com/rust-lang/crates.io-index"
checksum = "0cc23270f6e1808e30a928bdc84dea0b9b4136a8bc82338574f23baf47bbd280"

[[package]]
name = "group"
version = "0.13.0"
source = "registry+https://github.com/rust-lang/crates.io-index"
checksum = "f0f9ef7462f7c099f518d754361858f86d8a07af53ba9af0fe635bbccb151a63"
dependencies = [
 "ff",
 "rand",
 "rand_core",
 "rand_xorshift",
 "subtle",
]

[[package]]
name = "hermit-abi"
version = "0.5.2"
source = "registry+https://github.com/rust-lang/crates.io-index"
checksum = "fc0fef456e4baa96da950455cd02c081ca953b141298e41db3fc7e36b1da849c"

[[package]]
name = "hex"
version = "0.4.3"
source = "registry+https://github.com/rust-lang/crates.io-index"
checksum = "7f24254aa9a54b5c858eaee2f5bccdb46aaf0e486a595ed5fd8f86ba55232a70"

[[package]]
name = "itertools"
version = "0.14.0"
source = "registry+https://github.com/rust-lang/crates.io-index"
checksum = "2b192c782037fadd9cfa75548310488aabdbf3d2da73885b31bd0abd03351285"
dependencies = [
 "either",
]

[[package]]
name = "itoa"
version = "1.0.18"
source = "registry+https://github.com/rust-lang/crates.io-index"
checksum = "8f42a60cbdf9a97f5d2305f08a87dc4e09308d1276d28c869c684d7777685682"

[[package]]
name = "jobserver"
version = "0.1.35"
source = "registry+https://github.com/rust-lang/crates.io-index"
checksum = "1c00acbd29eabad4a2392fa0e921c874934dbbf4194312ad20f04a0ed67a3cb3"
dependencies = [
 "getrandom",
 "libc",
]

[[package]]
name = "lazy_static"
version = "1.5.0"
source = "registry+https://github.com/rust-lang/crates.io-index"
checksum = "bbd2bcb4c963f2ddae06a2efc7e9f3591312473c50c6685e1f298068316e66fe"

[[package]]
name = "libc"
version = "0.2.186"
source = "registry+https://github.com/rust-lang/crates.io-index"
checksum = "68ab91017fe16c622486840e4c83c9a37afeff978bd239b5293d61ece587de66"

[[package]]
name = "libfuzzer-sys"
version = "0.4.13"
source = "registry+https://github.com/rust-lang/crates.io-index"
checksum = "a9fd2f41a1cba099f79a0b6b6c35656cf7c03351a7bae8ff0f28f25270f929d2"
dependencies = [
 "arbitrary",
 "cc",
]

[[package]]
name = "memchr"
version = "2.8.3"
source = "registry+https://github.com/rust-lang/crates.io-index"
checksum = "cf8baf1c55e62ffcace7a9f06f4bd9cd3f0c4beb022d3b367256b91b87513d98"

[[package]]
name = "num_cpus"
version = "1.17.0"
source = "registry+https://github.com/rust-lang/crates.io-index"
checksum = "91df4bbde75afed763b708b7eee1e8e7651e02d97f6d5dd763e89367e957b23b"
dependencies = [
 "hermit-abi",
 "libc",
]

[[package]]
name = "once_cell"
version = "1.21.4"
source = "registry+https://github.com/rust-lang/crates.io-index"
checksum = "9f7c3e4beb33f85d45ae3e3a1792185706c8e16d043238c593331cc7cd313b50"

[[package]]
name = "pairing"
version = "0.23.0"
source = "registry+https://github.com/rust-lang/crates.io-index"
checksum = "81fec4625e73cf41ef4bb6846cafa6d44736525f442ba45e407c4a000a13996f"
dependencies = [
 "group",
]

[[package]]
name = "proc-macro2"
version = "1.0.106"
source = "registry+https://github.com/rust-lang/crates.io-index"
checksum = "8fd00f0bb2e90d81d1044c2b32617f68fcb9fa3bb7640c23e9c748e53fb30934"
dependencies = [
 "unicode-ident",
]

[[package]]
name = "quote"
version = "1.0.46"
source = "registry+https://github.com/rust-lang/crates.io-index"
checksum = "dfbc457d0c7a0759a614551b11a6409e5951f6c7537be1f1b7682b9ae9230368"
dependencies = [
 "proc-macro2",
]

[[package]]
name = "r-efi"
version = "6.0.0"
source = "registry+https://github.com/rust-lang/crates.io-index"
checksum = "f8dcc9c7d52a811697d2151c701e0d08956f92b0e24136cf4cf27b57a6a0d9bf"

[[package]]
name = "radium"
version = "0.7.0"
source = "registry+https://github.com/rust-lang/crates.io-index"
checksum = "dc33ff2d4973d518d823d61aa239014831e521c75da58e3df4840d3f47749d09"

[[package]]
name = "rand"
version = "0.8.6"
source = "registry+https://github.com/rust-lang/crates.io-index"
checksum = "5ca0ecfa931c29007047d1bc58e623ab12e5590e8c7cc53200d5202b69266d8a"
dependencies = [
 "rand_core",
]

[[package]]
name = "rand_core"
version = "0.6.4"
source = "registry+https://github.com/rust-lang/crates.io-index"
checksum = "ec0be4795e2f6a28069bec0b5ff3e2ac9bafc99e6a9a7dc3547996c5c816922c"

[[package]]
name = "rand_xorshift"
version = "0.3.0"
source = "registry+https://github.com/rust-lang/crates.io-index"
checksum = "d25bf25ec5ae4a3f1b92f929810509a2f53d7dca2f50b794ff57e3face536c8f"
dependencies = [
 "rand_core",
]

[[package]]
name = "rust_eth_kzg"
version = "0.10.0"
source = "git+https://github.com/crate-crypto/rust-eth-kzg#acf3a5e8062e9a67c184c77ebff9c55223f9e034"
dependencies = [
 "eip4844",
 "ekzg-bls12-381",
 "ekzg-erasure-codes",
 "ekzg-multi-open",
 "ekzg-serialization",
 "ekzg-trusted-setup",
 "hex",
 "serde",
 "serde_json",
]

[[package]]
name = "serde"
version = "1.0.228"
source = "registry+https://github.com/rust-lang/crates.io-index"
checksum = "9a8e94ea7f378bd32cbbd37198a4a91436180c5bb472411e48b5ec2e2124ae9e"
dependencies = [
 "serde_core",
 "serde_derive",
]

[[package]]
name = "serde_core"
version = "1.0.228"
source = "registry+https://github.com/rust-lang/crates.io-index"
checksum = "41d385c7d4ca58e59fc732af25c3983b67ac852c1a25000afe1175de458b67ad"
dependencies = [
 "serde_derive",
]

[[package]]
name = "serde_derive"
version = "1.0.228"
source = "registry+https://github.com/rust-lang/crates.io-index"
checksum = "d540f220d3187173da220f885ab66608367b6574e925011a9353e4badda91d79"
dependencies = [
 "proc-macro2",
 "quote",
 "syn",
]

[[package]]
name = "serde_json"
version = "1.0.150"
source = "registry+https://github.com/rust-lang/crates.io-index"
checksum = "e8014e44b4736ed0538adeecded0fce2a272f22dc9578a7eb6b2d9993c74cfb9"
dependencies = [
 "itoa",
 "memchr",
 "serde",
 "serde_core",
 "zmij",
]

[[package]]
name = "sha2"
version = "0.10.9"
source = "registry+https://github.com/rust-lang/crates.io-index"
checksum = "a7507d819769d01a365ab707794a4084392c824f54a7a6a7862f8c3d0892b283"
dependencies = [
 "cfg-if",
 "cpufeatures",
 "digest",
]

[[package]]
name = "shlex"
version = "2.0.1"
source = "registry+https://github.com/rust-lang/crates.io-index"
checksum = "f8fadd59c855ef2080decdef8ff161eb6661b86933c9d82e5ba29dc602a55aba"

[[package]]
name = "subtle"
version = "2.6.1"
source = "registry+https://github.com/rust-lang/crates.io-index"
checksum = "13c2bddecc57b384dee18652358fb23172facb8a2c51ccc10d74c157bdea3292"

[[package]]
name = "syn"
version = "2.0.118"
source = "registry+https://github.com/rust-lang/crates.io-index"
checksum = "1b9ae57f904213ebb649ce6895b8a66c66f0203b9319718f69a5612a065b1422"
dependencies = [
 "proc-macro2",
 "quote",
 "unicode-ident",
]

[[package]]
name = "tap"
version = "1.0.1"
source = "registry+https://github.com/rust-lang/crates.io-index"
checksum = "55937e1799185b12863d447f42597ed69d9928686b8d88a1df17376a097d8369"

[[package]]
name = "threadpool"
version = "1.8.1"
source = "registry+https://github.com/rust-lang/crates.io-index"
checksum = "d050e60b33d41c19108b32cea32164033a9013fe3b46cbd4457559bfbf77afaa"
dependencies = [
 "num_cpus",
]

[[package]]
name = "typenum"
version = "1.20.1"
source = "registry+https://github.com/rust-lang/crates.io-index"
checksum = "b6f5e870be6c3b371b77fe0ee0bafb859fa4964b4404c27de1d380043c4dda20"

[[package]]
name = "unicode-ident"
version = "1.0.24"
source = "registry+https://github.com/rust-lang/crates.io-index"
checksum = "e6e4313cd5fcd3dad5cafa179702e2b244f760991f45397d14d4ebf38247da75"

[[package]]
name = "version_check"
version = "0.9.5"
source = "registry+https://github.com/rust-lang/crates.io-index"
checksum = "0b928f33d975fc6ad9f86c8f283853ad26bdd5b10b7f1542aa2fa15e2289105a"

[[package]]
name = "wyz"
version = "0.5.1"
source = "registry+https://github.com/rust-lang/crates.io-index"
checksum = "05f360fc0b24296329c78fda852a1e9ae82de9cf7b27dae4b7f62f118f77b9ed"
dependencies = [
 "tap",
]

[[package]]
name = "zeroize"
version = "1.9.0"
source = "registry+https://github.com/rust-lang/crates.io-index"
checksum = "e13c156562582aa81c60cb29407084cdb54c4164760106ab78e6c5b0858cf64e"
dependencies = [
 "zeroize_derive",
]

[[package]]
name = "zeroize_derive"
version = "1.5.0"
source = "registry+https://github.com/rust-lang/crates.io-index"
checksum = "3c50655cbb0fe3fc43170059e702f1ce5e19b84cec58dc87b037a09935c2f328"
dependencies = [
 "proc-macro2",
 "quote",
 "syn",
]

[[package]]
name = "zmij"
version = "1.0.21"
source = "registry+https://github.com/rust-lang/crates.io-index"
checksum = "b8848ee67ecc8aedbaf3e4122217aff892639231befc6a1b58d29fff4c2cabaa"
