github.com/davecgh/go-spew v1.1.1 h1:vj9j/u1bqnvCEfJOwUhtlOARqs3+rkHYY13jYWTU97c=
github.com/ethereum/c-kzg-4844 v0.0.0-20230330220301-966e40d70e72 h1:oBooxFAmy0BLUXYlKK0ecyivDlvqUc9OMVxyG0yXi1A=
github.com/ethereum/c-kzg-4844 v0.0.0-20230330220301-966e40d70e72/go.mod h1:RILWWKloPYRjowfacYdBBTg56GdU2nzxU7hAZ6bwWsw=
github.com/pmezard/go-difflib v1.0.0 h1:4DBwDE0NGyQoBHbLQYPwSUPoCMWR5BEzIk/f1lZbAQM=
github.com/stretchr/testify v1.8.1 h1:w7B6lhMri9wdJUVmEZPGGhZzrYTPvgJArz7wNPgYKsk=
github.com/supranational/blst v0.3.11-0.20230124161941-ca03e11a3ff2 h1:wh1wzwAhZBNiZO37uWS/nDaKiIwHz4mDo4pnA+fqTO0=
github.com/supranational/blst v0.3.11-0.20230124161941-ca03e11a3ff2/go.mod h1:jZJtfjgudtNl4en1tzwPIV3KjUnQUvG3/j+w+fVonLw=
gopkg.in/yaml.v3 v3.0.1 h1:fxVm/GzAzEWqLHuvctI91KS9hhNmmWOoWu0XTYJS7CA=
